{
  "name": "db",
  "version": "1.0.0",
  "lockfileVersion": 1,
  "requires": true,
  "dependencies": {
    "@types/node": {
      "version": "13.7.7",
      "resolved": "https://registry.npmjs.org/@types/node/-/node-13.7.7.tgz",
      "integrity": "sha512-Uo4chgKbnPNlxQwoFmYIwctkQVkMMmsAoGGU4JKwLuvBefF0pCq4FybNSnfkfRCpC7ZW7kttcC/TrRtAJsvGtg=="
    },
    "qs": {
      "version": "6.9.1",
      "resolved": "https://registry.npmjs.org/qs/-/qs-6.9.1.tgz",
      "integrity": "sha512-Cxm7/SS/y/Z3MHWSxXb8lIFqgqBowP5JMlTUFyJN88y0SGQhVmZnqFK/PeuMX9LzUyWsqqhNxIyg0jlzq946yA=="
    },
    "serverless-pseudo-parameters": {
      "version": "2.5.0",
      "resolved": "https://registry.npmjs.org/serverless-pseudo-parameters/-/serverless-pseudo-parameters-2.5.0.tgz",
      "integrity": "sha512-A/O49AR8LL6jlnPSmnOTYgL1KqVgskeRla4sVDeS/r5dHFJlwOU5MgFilc7aaQP8NWAwRJANaIS9oiSE3I+VUA=="
    },
    "stripe": {
      "version": "8.24.0",
      "resolved": "https://registry.npmjs.org/stripe/-/stripe-8.24.0.tgz",
      "integrity": "sha512-ILK5Z+NT/AD5VFQi0FRoAONSAw+QSA+hBgO6rAUQeeSg1ru2ccSzgADf/xyJM0c+qVFip1s2pBsEGvLmhm455Q==",
      "requires": {
        "@types/node": ">=8.1.0",
        "qs": "^6.6.0"
      }
    }
  }
}
